
Microsoft Visual Studio Solution File, Format Version 12.00
# Visual Studio Version 17
VisualStudioVersion = 17.0.31903.59
MinimumVisualStudioVersion = 10.0.40219.1
Project("{FAE04EC0-301F-11D3-BF4B-00C04F79EFBC}") = "PetFamily.API", "src\PetFamily.API\PetFamily.API.csproj", "{A95001F3-FAC8-42D6-B12C-1E6BB32846FA}"
EndProject
Project("{FAE04EC0-301F-11D3-BF4B-00C04F79EFBC}") = "PetFamily.Domain", "src\PetFamily.Domain\PetFamily.Domain.csproj", "{C263B51B-B61F-4170-AC4F-D259C3D37C79}"
EndProject
Project("{FAE04EC0-301F-11D3-BF4B-00C04F79EFBC}") = "PetFamily.Infrastructure", "src\PetFamily.Infrastructure\PetFamily.Infrastructure.csproj", "{19516925-301C-41B8-BABC-FF4BDBD50A00}"
EndProject
Project("{FAE04EC0-301F-11D3-BF4B-00C04F79EFBC}") = "PetFamily.Application", "src\PetFamily.Application\PetFamily.Application.csproj", "{746AD00C-A87A-4031-B327-B88B29C297CA}"
EndProject
Project("{2150E333-8FDC-42A3-9474-1A3956D46DE8}") = "Solution Items", "Solution Items", "{C3EE28C7-524D-4E44-AD80-16A56DD8DB68}"
	ProjectSection(SolutionItems) = preProject
		compose.yaml = compose.yaml
	EndProjectSection
EndProject
Project("{FAE04EC0-301F-11D3-BF4B-00C04F79EFBC}") = "PetFamily.Domain.UnitTests", "PetFamily.Domain.UnitTests\PetFamily.Domain.UnitTests.csproj", "{C1B9F5E9-507F-40B2-8993-2E5FF7C70022}"
EndProject
Project("{2150E333-8FDC-42A3-9474-1A3956D46DE8}") = "src", "src", "{8C0C350C-5969-41AE-92E5-FE39D34FE11C}"
EndProject
Project("{2150E333-8FDC-42A3-9474-1A3956D46DE8}") = "tests", "tests", "{BCBBFB1B-B972-4FA1-A111-17D6014F85F0}"
EndProject
Project("{FAE04EC0-301F-11D3-BF4B-00C04F79EFBC}") = "PetFamily.Application.UnitTests", "PetFamily.Application.UnitTests\PetFamily.Application.UnitTests.csproj", "{B43ADE66-D8E0-48F6-A172-084A73B84BC1}"
EndProject
Global
	GlobalSection(SolutionConfigurationPlatforms) = preSolution
		Debug|Any CPU = Debug|Any CPU
		Release|Any CPU = Release|Any CPU
	EndGlobalSection
	GlobalSection(SolutionProperties) = preSolution
		HideSolutionNode = FALSE
	EndGlobalSection
	GlobalSection(ProjectConfigurationPlatforms) = postSolution
		{A95001F3-FAC8-42D6-B12C-1E6BB32846FA}.Debug|Any CPU.ActiveCfg = Debug|Any CPU
		{A95001F3-FAC8-42D6-B12C-1E6BB32846FA}.Debug|Any CPU.Build.0 = Debug|Any CPU
		{A95001F3-FAC8-42D6-B12C-1E6BB32846FA}.Release|Any CPU.ActiveCfg = Release|Any CPU
		{A95001F3-FAC8-42D6-B12C-1E6BB32846FA}.Release|Any CPU.Build.0 = Release|Any CPU
		{C263B51B-B61F-4170-AC4F-D259C3D37C79}.Debug|Any CPU.ActiveCfg = Debug|Any CPU
		{C263B51B-B61F-4170-AC4F-D259C3D37C79}.Debug|Any CPU.Build.0 = Debug|Any CPU
		{C263B51B-B61F-4170-AC4F-D259C3D37C79}.Release|Any CPU.ActiveCfg = Release|Any CPU
		{C263B51B-B61F-4170-AC4F-D259C3D37C79}.Release|Any CPU.Build.0 = Release|Any CPU
		{19516925-301C-41B8-BABC-FF4BDBD50A00}.Debug|Any CPU.ActiveCfg = Debug|Any CPU
		{19516925-301C-41B8-BABC-FF4BDBD50A00}.Debug|Any CPU.Build.0 = Debug|Any CPU
		{19516925-301C-41B8-BABC-FF4BDBD50A00}.Release|Any CPU.ActiveCfg = Release|Any CPU
		{19516925-301C-41B8-BABC-FF4BDBD50A00}.Release|Any CPU.Build.0 = Release|Any CPU
		{746AD00C-A87A-4031-B327-B88B29C297CA}.Debug|Any CPU.ActiveCfg = Debug|Any CPU
		{746AD00C-A87A-4031-B327-B88B29C297CA}.Debug|Any CPU.Build.0 = Debug|Any CPU
		{746AD00C-A87A-4031-B327-B88B29C297CA}.Release|Any CPU.ActiveCfg = Release|Any CPU
		{746AD00C-A87A-4031-B327-B88B29C297CA}.Release|Any CPU.Build.0 = Release|Any CPU
		{C1B9F5E9-507F-40B2-8993-2E5FF7C70022}.Debug|Any CPU.ActiveCfg = Debug|Any CPU
		{C1B9F5E9-507F-40B2-8993-2E5FF7C70022}.Debug|Any CPU.Build.0 = Debug|Any CPU
		{C1B9F5E9-507F-40B2-8993-2E5FF7C70022}.Release|Any CPU.ActiveCfg = Release|Any CPU
		{C1B9F5E9-507F-40B2-8993-2E5FF7C70022}.Release|Any CPU.Build.0 = Release|Any CPU
		{B43ADE66-D8E0-48F6-A172-084A73B84BC1}.Debug|Any CPU.ActiveCfg = Debug|Any CPU
		{B43ADE66-D8E0-48F6-A172-084A73B84BC1}.Debug|Any CPU.Build.0 = Debug|Any CPU
		{B43ADE66-D8E0-48F6-A172-084A73B84BC1}.Release|Any CPU.ActiveCfg = Release|Any CPU
		{B43ADE66-D8E0-48F6-A172-084A73B84BC1}.Release|Any CPU.Build.0 = Release|Any CPU
	EndGlobalSection
	GlobalSection(NestedProjects) = preSolution
		{A95001F3-FAC8-42D6-B12C-1E6BB32846FA} = {8C0C350C-5969-41AE-92E5-FE39D34FE11C}
		{746AD00C-A87A-4031-B327-B88B29C297CA} = {8C0C350C-5969-41AE-92E5-FE39D34FE11C}
		{C263B51B-B61F-4170-AC4F-D259C3D37C79} = {8C0C350C-5969-41AE-92E5-FE39D34FE11C}
		{19516925-301C-41B8-BABC-FF4BDBD50A00} = {8C0C350C-5969-41AE-92E5-FE39D34FE11C}
		{C1B9F5E9-507F-40B2-8993-2E5FF7C70022} = {BCBBFB1B-B972-4FA1-A111-17D6014F85F0}
		{B43ADE66-D8E0-48F6-A172-084A73B84BC1} = {BCBBFB1B-B972-4FA1-A111-17D6014F85F0}
	EndGlobalSection
EndGlobal
